
Microsoft Visual Studio Solution File, Format Version 12.00
# Visual Studio Version 17
VisualStudioVersion = 17.14.36717.8 d17.14
MinimumVisualStudioVersion = 10.0.40219.1
Project("{FAE04EC0-301F-11D3-BF4B-00C04F79EFBC}") = "IT502_A2_850006790", "IT502_A2_850006790\IT502_A2_850006790.csproj", "{5DA1575B-B732-44F6-B424-D02B784FC05B}"
EndProject
Global
	GlobalSection(SolutionConfigurationPlatforms) = preSolution
		Debug|Any CPU = Debug|Any CPU
		Release|Any CPU = Release|Any CPU
	EndGlobalSection
	GlobalSection(ProjectConfigurationPlatforms) = postSolution
		{5DA1575B-B732-44F6-B424-D02B784FC05B}.Debug|Any CPU.ActiveCfg = Debug|Any CPU
		{5DA1575B-B732-44F6-B424-D02B784FC05B}.Debug|Any CPU.Build.0 = Debug|Any CPU
		{5DA1575B-B732-44F6-B424-D02B784FC05B}.Release|Any CPU.ActiveCfg = Release|Any CPU
		{5DA1575B-B732-44F6-B424-D02B784FC05B}.Release|Any CPU.Build.0 = Release|Any CPU
	EndGlobalSection
	GlobalSection(SolutionProperties) = preSolution
		HideSolutionNode = FALSE
	EndGlobalSection
	GlobalSection(ExtensibilityGlobals) = postSolution
		SolutionGuid = {858712C9-7CE0-4A77-B8BF-AD0F415BBE34}
	EndGlobalSection
EndGlobal
